
Microsoft Visual Studio Solution File, Format Version 12.00
# Visual Studio Version 17
VisualStudioVersion = 17.12.35527.113 d17.12
MinimumVisualStudioVersion = 10.0.40219.1
Project("{FAE04EC0-301F-11D3-BF4B-00C04F79EFBC}") = "EvaluadorExpresion", "EvaluadorExpresion\EvaluadorExpresion.csproj", "{6B0D9AA0-EA65-4930-B097-30D5FB11F3DE}"
EndProject
Project("{FAE04EC0-301F-11D3-BF4B-00C04F79EFBC}") = "EvaluadorInterpreter", "EvaluadorInterpreter\EvaluadorInterpreter.csproj", "{84F36C7C-1AE3-4FA1-8588-318776829257}"
EndProject
Global
	GlobalSection(SolutionConfigurationPlatforms) = preSolution
		Debug|Any CPU = Debug|Any CPU
		Release|Any CPU = Release|Any CPU
	EndGlobalSection
	GlobalSection(ProjectConfigurationPlatforms) = postSolution
		{6B0D9AA0-EA65-4930-B097-30D5FB11F3DE}.Debug|Any CPU.ActiveCfg = Debug|Any CPU
		{6B0D9AA0-EA65-4930-B097-30D5FB11F3DE}.Debug|Any CPU.Build.0 = Debug|Any CPU
		{6B0D9AA0-EA65-4930-B097-30D5FB11F3DE}.Release|Any CPU.ActiveCfg = Release|Any CPU
		{6B0D9AA0-EA65-4930-B097-30D5FB11F3DE}.Release|Any CPU.Build.0 = Release|Any CPU
		{84F36C7C-1AE3-4FA1-8588-318776829257}.Debug|Any CPU.ActiveCfg = Debug|Any CPU
		{84F36C7C-1AE3-4FA1-8588-318776829257}.Debug|Any CPU.Build.0 = Debug|Any CPU
		{84F36C7C-1AE3-4FA1-8588-318776829257}.Release|Any CPU.ActiveCfg = Release|Any CPU
		{84F36C7C-1AE3-4FA1-8588-318776829257}.Release|Any CPU.Build.0 = Release|Any CPU
	EndGlobalSection
	GlobalSection(SolutionProperties) = preSolution
		HideSolutionNode = FALSE
	EndGlobalSection
EndGlobal
